# This file is automatically @generated by Cargo.
# It is not intended for manual editing.
version = 4

[[package]]
name = "barista-bench"
version = "0.1.0-alpha.0"

[[package]]
name = "barista-cache"
version = "0.1.0-alpha.0"

[[package]]
name = "barista-cli"
version = "0.1.0-alpha.0"

[[package]]
name = "barista-config"
version = "0.1.0-alpha.0"

[[package]]
name = "barista-coords"
version = "0.1.0-alpha.0"

[[package]]
name = "barista-ipc"
version = "0.1.0-alpha.0"

[[package]]
name = "barista-lockfile"
version = "0.1.0-alpha.0"

[[package]]
name = "barista-netanalyze"
version = "0.1.0-alpha.0"

[[package]]
name = "barista-netcap"
version = "0.1.0-alpha.0"

[[package]]
name = "barista-pom"
version = "0.1.0-alpha.0"

[[package]]
name = "barista-resolver"
version = "0.1.0-alpha.0"

[[package]]
name = "barista-roastery-client"
version = "0.1.0-alpha.0"

[[package]]
name = "barista-tap"
version = "0.1.0-alpha.0"

[[package]]
name = "barista-telemetry"
version = "0.1.0-alpha.0"

[[package]]
name = "barista-test-fixtures"
version = "0.1.0-alpha.0"

[[package]]
name = "barista-version"
version = "0.1.0-alpha.0"

[[package]]
name = "roastery"
version = "0.1.0-alpha.0"
